
Microsoft Visual Studio Solution File, Format Version 12.00
# Visual Studio Version 16
VisualStudioVersion = 16.0.29509.3
MinimumVisualStudioVersion = 10.0.40219.1
Project("{9A19103F-16F7-4668-BE54-9A1E7A4F7556}") = "MetricsCollector", "MetricsCollector\MetricsCollector.csproj", "{26DA6633-27F1-482E-94CB-59837F3EE5CE}"
EndProject
Project("{9A19103F-16F7-4668-BE54-9A1E7A4F7556}") = "MetricsCollector.Console", "MetricsCollector.Console\MetricsCollector.Console.csproj", "{F3598518-571B-47CA-B8D9-824DF7BDD5C7}"
EndProject
Project("{FAE04EC0-301F-11D3-BF4B-00C04F79EFBC}") = "MetricsCollectorWpf", "MetricsCollectorWpf\MetricsCollectorWpf.csproj", "{38FD39AC-2DF3-4EF0-B379-F0517F45E1BC}"
EndProject
Global
	GlobalSection(SolutionConfigurationPlatforms) = preSolution
		Debug|Any CPU = Debug|Any CPU
		Release|Any CPU = Release|Any CPU
	EndGlobalSection
	GlobalSection(ProjectConfigurationPlatforms) = postSolution
		{26DA6633-27F1-482E-94CB-59837F3EE5CE}.Debug|Any CPU.ActiveCfg = Debug|Any CPU
		{26DA6633-27F1-482E-94CB-59837F3EE5CE}.Debug|Any CPU.Build.0 = Debug|Any CPU
		{26DA6633-27F1-482E-94CB-59837F3EE5CE}.Release|Any CPU.ActiveCfg = Release|Any CPU
		{26DA6633-27F1-482E-94CB-59837F3EE5CE}.Release|Any CPU.Build.0 = Release|Any CPU
		{F3598518-571B-47CA-B8D9-824DF7BDD5C7}.Debug|Any CPU.ActiveCfg = Debug|Any CPU
		{F3598518-571B-47CA-B8D9-824DF7BDD5C7}.Debug|Any CPU.Build.0 = Debug|Any CPU
		{F3598518-571B-47CA-B8D9-824DF7BDD5C7}.Release|Any CPU.ActiveCfg = Release|Any CPU
		{F3598518-571B-47CA-B8D9-824DF7BDD5C7}.Release|Any CPU.Build.0 = Release|Any CPU
		{38FD39AC-2DF3-4EF0-B379-F0517F45E1BC}.Debug|Any CPU.ActiveCfg = Debug|Any CPU
		{38FD39AC-2DF3-4EF0-B379-F0517F45E1BC}.Debug|Any CPU.Build.0 = Debug|Any CPU
		{38FD39AC-2DF3-4EF0-B379-F0517F45E1BC}.Release|Any CPU.ActiveCfg = Release|Any CPU
		{38FD39AC-2DF3-4EF0-B379-F0517F45E1BC}.Release|Any CPU.Build.0 = Release|Any CPU
	EndGlobalSection
	GlobalSection(SolutionProperties) = preSolution
		HideSolutionNode = FALSE
	EndGlobalSection
	GlobalSection(ExtensibilityGlobals) = postSolution
		SolutionGuid = {9C892D14-0883-4513-9748-43FD107B90EE}
	EndGlobalSection
EndGlobal
